
Microsoft Visual Studio Solution File, Format Version 12.00
# Visual Studio Version 16
VisualStudioVersion = 16.0.29806.167
MinimumVisualStudioVersion = 10.0.40219.1
Project("{9A19103F-16F7-4668-BE54-9A1E7A4F7556}") = "BulkyBook", "BulkyBook\BulkyBook.csproj", "{639DE04E-1865-41ED-B63C-4D490C466FF5}"
EndProject
Project("{FAE04EC0-301F-11D3-BF4B-00C04F79EFBC}") = "BulkyBook.DataAccess", "BulkyBook.DataAccess\BulkyBook.DataAccess.csproj", "{15E83487-3483-4BA1-A314-784C91FDBFF4}"
EndProject
Project("{FAE04EC0-301F-11D3-BF4B-00C04F79EFBC}") = "BulkyBook.Models", "BulkyBook.Models\BulkyBook.Models.csproj", "{3A0467E9-6115-4FE7-B28B-8154C7C5DBA7}"
EndProject
Project("{FAE04EC0-301F-11D3-BF4B-00C04F79EFBC}") = "BulkyBook.Utility", "BulkyBook.Utility\BulkyBook.Utility.csproj", "{B0CCB0E7-87A7-428B-85EA-EA983D3D2096}"
EndProject
Global
	GlobalSection(SolutionConfigurationPlatforms) = preSolution
		Debug|Any CPU = Debug|Any CPU
		Release|Any CPU = Release|Any CPU
	EndGlobalSection
	GlobalSection(ProjectConfigurationPlatforms) = postSolution
		{639DE04E-1865-41ED-B63C-4D490C466FF5}.Debug|Any CPU.ActiveCfg = Debug|Any CPU
		{639DE04E-1865-41ED-B63C-4D490C466FF5}.Debug|Any CPU.Build.0 = Debug|Any CPU
		{639DE04E-1865-41ED-B63C-4D490C466FF5}.Release|Any CPU.ActiveCfg = Release|Any CPU
		{639DE04E-1865-41ED-B63C-4D490C466FF5}.Release|Any CPU.Build.0 = Release|Any CPU
		{15E83487-3483-4BA1-A314-784C91FDBFF4}.Debug|Any CPU.ActiveCfg = Debug|Any CPU
		{15E83487-3483-4BA1-A314-784C91FDBFF4}.Debug|Any CPU.Build.0 = Debug|Any CPU
		{15E83487-3483-4BA1-A314-784C91FDBFF4}.Release|Any CPU.ActiveCfg = Release|Any CPU
		{15E83487-3483-4BA1-A314-784C91FDBFF4}.Release|Any CPU.Build.0 = Release|Any CPU
		{3A0467E9-6115-4FE7-B28B-8154C7C5DBA7}.Debug|Any CPU.ActiveCfg = Debug|Any CPU
		{3A0467E9-6115-4FE7-B28B-8154C7C5DBA7}.Debug|Any CPU.Build.0 = Debug|Any CPU
		{3A0467E9-6115-4FE7-B28B-8154C7C5DBA7}.Release|Any CPU.ActiveCfg = Release|Any CPU
		{3A0467E9-6115-4FE7-B28B-8154C7C5DBA7}.Release|Any CPU.Build.0 = Release|Any CPU
		{B0CCB0E7-87A7-428B-85EA-EA983D3D2096}.Debug|Any CPU.ActiveCfg = Debug|Any CPU
		{B0CCB0E7-87A7-428B-85EA-EA983D3D2096}.Debug|Any CPU.Build.0 = Debug|Any CPU
		{B0CCB0E7-87A7-428B-85EA-EA983D3D2096}.Release|Any CPU.ActiveCfg = Release|Any CPU
		{B0CCB0E7-87A7-428B-85EA-EA983D3D2096}.Release|Any CPU.Build.0 = Release|Any CPU
	EndGlobalSection
	GlobalSection(SolutionProperties) = preSolution
		HideSolutionNode = FALSE
	EndGlobalSection
	GlobalSection(ExtensibilityGlobals) = postSolution
		SolutionGuid = {8E0C469B-EF13-4C72-9B8A-0E21D9E9DD7E}
	EndGlobalSection
EndGlobal
